
Microsoft Visual Studio Solution File, Format Version 12.00
# Visual Studio Version 17
VisualStudioVersion = 17.14.36202.13
MinimumVisualStudioVersion = 10.0.40219.1
Project("{FAE04EC0-301F-11D3-BF4B-00C04F79EFBC}") = "Sparky", "Sparky\Sparky.csproj", "{4FAD0159-7941-4A2C-B24E-9D5285D3AF83}"
EndProject
Project("{FAE04EC0-301F-11D3-BF4B-00C04F79EFBC}") = "SparkMSTest", "SparkMSTest\SparkMSTest.csproj", "{9DFBCA92-9DF5-40F6-9BF4-94714CDED1F2}"
EndProject
Project("{FAE04EC0-301F-11D3-BF4B-00C04F79EFBC}") = "SparkNUnitTest", "SparkNUnitTest\SparkNUnitTest.csproj", "{6857B4DD-D152-4B77-960C-154CCE7EC33D}"
EndProject
Project("{FAE04EC0-301F-11D3-BF4B-00C04F79EFBC}") = "SparkXUnit", "SparkXUnit\SparkXUnit.csproj", "{4A2E7F3D-5E70-421F-A798-7C2762E321D2}"
EndProject
Global
	GlobalSection(SolutionConfigurationPlatforms) = preSolution
		Debug|Any CPU = Debug|Any CPU
		Release|Any CPU = Release|Any CPU
	EndGlobalSection
	GlobalSection(ProjectConfigurationPlatforms) = postSolution
		{4FAD0159-7941-4A2C-B24E-9D5285D3AF83}.Debug|Any CPU.ActiveCfg = Debug|Any CPU
		{4FAD0159-7941-4A2C-B24E-9D5285D3AF83}.Debug|Any CPU.Build.0 = Debug|Any CPU
		{4FAD0159-7941-4A2C-B24E-9D5285D3AF83}.Release|Any CPU.ActiveCfg = Release|Any CPU
		{4FAD0159-7941-4A2C-B24E-9D5285D3AF83}.Release|Any CPU.Build.0 = Release|Any CPU
		{9DFBCA92-9DF5-40F6-9BF4-94714CDED1F2}.Debug|Any CPU.ActiveCfg = Debug|Any CPU
		{9DFBCA92-9DF5-40F6-9BF4-94714CDED1F2}.Debug|Any CPU.Build.0 = Debug|Any CPU
		{9DFBCA92-9DF5-40F6-9BF4-94714CDED1F2}.Release|Any CPU.ActiveCfg = Release|Any CPU
		{9DFBCA92-9DF5-40F6-9BF4-94714CDED1F2}.Release|Any CPU.Build.0 = Release|Any CPU
		{6857B4DD-D152-4B77-960C-154CCE7EC33D}.Debug|Any CPU.ActiveCfg = Debug|Any CPU
		{6857B4DD-D152-4B77-960C-154CCE7EC33D}.Debug|Any CPU.Build.0 = Debug|Any CPU
		{6857B4DD-D152-4B77-960C-154CCE7EC33D}.Release|Any CPU.ActiveCfg = Release|Any CPU
		{6857B4DD-D152-4B77-960C-154CCE7EC33D}.Release|Any CPU.Build.0 = Release|Any CPU
		{4A2E7F3D-5E70-421F-A798-7C2762E321D2}.Debug|Any CPU.ActiveCfg = Debug|Any CPU
		{4A2E7F3D-5E70-421F-A798-7C2762E321D2}.Debug|Any CPU.Build.0 = Debug|Any CPU
		{4A2E7F3D-5E70-421F-A798-7C2762E321D2}.Release|Any CPU.ActiveCfg = Release|Any CPU
		{4A2E7F3D-5E70-421F-A798-7C2762E321D2}.Release|Any CPU.Build.0 = Release|Any CPU
	EndGlobalSection
	GlobalSection(SolutionProperties) = preSolution
		HideSolutionNode = FALSE
	EndGlobalSection
	GlobalSection(ExtensibilityGlobals) = postSolution
		SolutionGuid = {901A3188-6FD8-45E1-8FB3-6BE8652FA47C}
	EndGlobalSection
EndGlobal
